
Microsoft Visual Studio Solution File, Format Version 12.00
# Visual Studio Version 17
VisualStudioVersion = 17.7.34024.191
MinimumVisualStudioVersion = 10.0.40219.1
Project("{FAE04EC0-301F-11D3-BF4B-00C04F79EFBC}") = "FileNameResolver", "FileNameResolver\FileNameResolver.csproj", "{592ED9EB-598E-4795-AE15-727079AFE1A4}"
EndProject
Global
	GlobalSection(SolutionConfigurationPlatforms) = preSolution
		Debug|Any CPU = Debug|Any CPU
		Release|Any CPU = Release|Any CPU
	EndGlobalSection
	GlobalSection(ProjectConfigurationPlatforms) = postSolution
		{592ED9EB-598E-4795-AE15-727079AFE1A4}.Debug|Any CPU.ActiveCfg = Debug|Any CPU
		{592ED9EB-598E-4795-AE15-727079AFE1A4}.Debug|Any CPU.Build.0 = Debug|Any CPU
		{592ED9EB-598E-4795-AE15-727079AFE1A4}.Release|Any CPU.ActiveCfg = Release|Any CPU
		{592ED9EB-598E-4795-AE15-727079AFE1A4}.Release|Any CPU.Build.0 = Release|Any CPU
	EndGlobalSection
	GlobalSection(SolutionProperties) = preSolution
		HideSolutionNode = FALSE
	EndGlobalSection
	GlobalSection(ExtensibilityGlobals) = postSolution
		SolutionGuid = {409D500D-6948-4389-A01E-E71141BF0F65}
	EndGlobalSection
EndGlobal
